// !$*UTF8*$!
{
	archiveVersion = 1;
	classes = {
	};
	objectVersion = 50;
	objects = {

/* Begin PBXBuildFile section */
		29833E0926BBFF7400DFAFDB /* AppDelegate.swift in Sources */ = {isa = PBXBuildFile; fileRef = 29833E0826BBFF7400DFAFDB /* AppDelegate.swift */; };
		29833E0B26BBFF7400DFAFDB /* SceneDelegate.swift in Sources */ = {isa = PBXBuildFile; fileRef = 29833E0A26BBFF7400DFAFDB /* SceneDelegate.swift */; };
		29833E0D26BBFF7400DFAFDB /* ViewController.swift in Sources */ = {isa = PBXBuildFile; fileRef = 29833E0C26BBFF7400DFAFDB /* ViewController.swift */; };
		29833E1026BBFF7400DFAFDB /* Main.storyboard in Resources */ = {isa = PBXBuildFile; fileRef = 29833E0E26BBFF7400DFAFDB /* Main.storyboard */; };
		29833E1226BBFF7800DFAFDB /* Assets.xcassets in Resources */ = {isa = PBXBuildFile; fileRef = 29833E1126BBFF7800DFAFDB /* Assets.xcassets */; };
		29833E1526BBFF7800DFAFDB /* LaunchScreen.storyboard in Resources */ = {isa = PBXBuildFile; fileRef = 29833E1326BBFF7800DFAFDB /* LaunchScreen.storyboard */; };
		9148C3FB2A8B77A100D0699C /* SecondViewController.swift in Sources */ = {isa = PBXBuildFile; fileRef = 9148C3FA2A8B77A100D0699C /* SecondViewController.swift */; };
/* End PBXBuildFile section */

/* Begin PBXFileReference section */
		29833E0526BBFF7400DFAFDB /* Demo_021.app */ = {isa = PBXFileReference; explicitFileType = wrapper.application; includeInIndex = 0; path = Demo_021.app; sourceTree = BUILT_PRODUCTS_DIR; };
		29833E0826BBFF7400DFAFDB /* AppDelegate.swift */ = {isa = PBXFileReference; lastKnownFileType = sourcecode.swift; path = AppDelegate.swift; sourceTree = "<group>"; };
		29833E0A26BBFF7400DFAFDB /* SceneDelegate.swift */ = {isa = PBXFileReference; lastKnownFileType = sourcecode.swift; path = SceneDelegate.swift; sourceTree = "<group>"; };
		29833E0C26BBFF7400DFAFDB /* ViewController.swift */ = {isa = PBXFileReference; lastKnownFileType = sourcecode.swift; path = ViewController.swift; sourceTree = "<group>"; };
		29833E0F26BBFF7400DFAFDB /* Base */ = {isa = PBXFileReference; lastKnownFileType = file.storyboard; name = Base; path = Base.lproj/Main.storyboard; sourceTree = "<group>"; };
		29833E1126BBFF7800DFAFDB /* Assets.xcassets */ = {isa = PBXFileReference; lastKnownFileType = folder.assetcatalog; path = Assets.xcassets; sourceTree = "<group>"; };
		29833E1426BBFF7800DFAFDB /* Base */ = {isa = PBXFileReference; lastKnownFileType = file.storyboard; name = Base; path = Base.lproj/LaunchScreen.storyboard; sourceTree = "<group>"; };
		29833E1626BBFF7800DFAFDB /* Info.plist */ = {isa = PBXFileReference; lastKnownFileType = text.plist.xml; path = Info.plist; sourceTree = "<group>"; };
		9148C3FA2A8B77A100D0699C /* SecondViewController.swift */ = {isa = PBXFileReference; lastKnownFileType = sourcecode.swift; path = SecondViewController.swift; sourceTree = "<group>"; };
/* End PBXFileReference section */

/* Begin PBXFrameworksBuildPhase section */
		29833E0226BBFF7400DFAFDB /* Frameworks */ = {
			isa = PBXFrameworksBuildPhase;
			buildActionMask = 2147483647;
			files = (
			);
			runOnlyForDeploymentPostprocessing = 0;
		};
/* End PBXFrameworksBuildPhase section */

/* Begin PBXGroup section */
		29833DFC26BBFF7400DFAFDB = {
			isa = PBXGroup;
			children = (
				29833E0726BBFF7400DFAFDB /* Demo_021 */,
				29833E0626BBFF7400DFAFDB /* Products */,
			);
			sourceTree = "<group>";
		};
		29833E0626BBFF7400DFAFDB /* Products */ = {
			isa = PBXGroup;
			children = (
				29833E0526BBFF7400DFAFDB /* Demo_021.app */,
			);
			name = Products;
			sourceTree = "<group>";
		};
		29833E0726BBFF7400DFAFDB /* Demo_021 */ = {
			isa = PBXGroup;
			children = (
				29833E0826BBFF7400DFAFDB /* AppDelegate.swift */,
				29833E0A26BBFF7400DFAFDB /* SceneDelegate.swift */,
				29833E0C26BBFF7400DFAFDB /* ViewController.swift */,
				9148C3FA2A8B77A100D0699C /* SecondViewController.swift */,
				29833E0E26BBFF7400DFAFDB /* Main.storyboard */,
				29833E1126BBFF7800DFAFDB /* Assets.xcassets */,
				29833E1326BBFF7800DFAFDB /* LaunchScreen.storyboard */,
				29833E1626BBFF7800DFAFDB /* Info.plist */,
			);
			path = Demo_021;
			sourceTree = "<group>";
		};
/* End PBXGroup section */

/* Begin PBXNativeTarget section */
		29833E0426BBFF7400DFAFDB /* Demo_021 */ = {
			isa = PBXNativeTarget;
			buildConfigurationList = 29833E1926BBFF7800DFAFDB /* Build configuration list for PBXNativeTarget "Demo_021" */;
			buildPhases = (
				29833E0126BBFF7400DFAFDB /* Sources */,
				29833E0226BBFF7400DFAFDB /* Frameworks */,
				29833E0326BBFF7400DFAFDB /* Resources */,
			);
			buildRules = (
			);
			dependencies = (
			);
			name = Demo_021;
			productName = Demo_021;
			productReference = 29833E0526BBFF7400DFAFDB /* Demo_021.app */;
			productType = "com.apple.product-type.application";
		};
/* End PBXNativeTarget section */

/* Begin PBXProject section */
		29833DFD26BBFF7400DFAFDB /* Project object */ = {
			isa = PBXProject;
			attributes = {
				LastSwiftUpdateCheck = 1250;
				LastUpgradeCheck = 1250;
				TargetAttributes = {
					29833E0426BBFF7400DFAFDB = {
						CreatedOnToolsVersion = 12.5;
					};
				};
			};
			buildConfigurationList = 29833E0026BBFF7400DFAFDB /* Build configuration list for PBXProject "Demo_021" */;
			compatibilityVersion = "Xcode 9.3";
			developmentRegion = en;
			hasScannedForEncodings = 0;
			knownRegions = (
				en,
				Base,
			);
			mainGroup = 29833DFC26BBFF7400DFAFDB;
			productRefGroup = 29833E0626BBFF7400DFAFDB /* Products */;
			projectDirPath = "";
			projectRoot = "";
			targets = (
				29833E0426BBFF7400DFAFDB /* Demo_021 */,
			);
		};
/* End PBXProject section */

/* Begin PBXResourcesBuildPhase section */
		29833E0326BBFF7400DFAFDB /* Resources */ = {
			isa = PBXResourcesBuildPhase;
			buildActionMask = 2147483647;
			files = (
				29833E1526BBFF7800DFAFDB /* LaunchScreen.storyboard in Resources */,
				29833E1226BBFF7800DFAFDB /* Assets.xcassets in Resources */,
				29833E1026BBFF7400DFAFDB /* Main.storyboard in Resources */,
			);
			runOnlyForDeploymentPostprocessing = 0;
		};
/* End PBXResourcesBuildPhase section */

/* Begin PBXSourcesBuildPhase section */
		29833E0126BBFF7400DFAFDB /* Sources */ = {
			isa = PBXSourcesBuildPhase;
			buildActionMask = 2147483647;
			files = (
				9148C3FB2A8B77A100D0699C /* SecondViewController.swift in Sources */,
				29833E0D26BBFF7400DFAFDB /* ViewController.swift in Sources */,
				29833E0926BBFF7400DFAFDB /* AppDelegate.swift in Sources */,
				29833E0B26BBFF7400DFAFDB /* SceneDelegate.swift in Sources */,
			);
			runOnlyForDeploymentPostprocessing = 0;
		};
/* End PBXSourcesBuildPhase section */

/* Begin PBXVariantGroup section */
		29833E0E26BBFF7400DFAFDB /* Main.storyboard */ = {
			isa = PBXVariantGroup;
			children = (
				29833E0F26BBFF7400DFAFDB /* Base */,
			);
			name = Main.storyboard;
			sourceTree = "<group>";
		};
		29833E1326BBFF7800DFAFDB /* LaunchScreen.storyboard */ = {
			isa = PBXVariantGroup;
			children = (
				29833E1426BBFF7800DFAFDB /* Base */,
			);
			name = LaunchScreen.storyboard;
			sourceTree = "<group>";
		};
/* End PBXVariantGroup section */

/* Begin XCBuildConfiguration section */
		29833E1726BBFF7800DFAFDB /* Debug */ = {
			isa = XCBuildConfiguration;
			buildSettings = {
				ALWAYS_SEARCH_USER_PATHS = NO;
				CLANG_ANALYZER_NONNULL = YES;
				CLANG_ANALYZER_NUMBER_OBJECT_CONVERSION = YES_AGGRESSIVE;
				CLANG_CXX_LANGUAGE_STANDARD = "gnu++14";
				CLANG_CXX_LIBRARY = "libc++";
				CLANG_ENABLE_MODULES = YES;
				CLANG_ENABLE_OBJC_ARC = YES;
				CLANG_ENABLE_OBJC_WEAK = YES;
				CLANG_WARN_BLOCK_CAPTURE_AUTORELEASING = YES;
				CLANG_WARN_BOOL_CONVERSION = YES;
				CLANG_WARN_COMMA = YES;
				CLANG_WARN_CONSTANT_CONVERSION = YES;
				CLANG_WARN_DEPRECATED_OBJC_IMPLEMENTATIONS = YES;
				CLANG_WARN_DIRECT_OBJC_ISA_USAGE = YES_ERROR;
				CLANG_WARN_DOCUMENTATION_COMMENTS = YES;
				CLANG_WARN_EMPTY_BODY = YES;
				CLANG_WARN_ENUM_CONVERSION = YES;
				CLANG_WARN_INFINITE_RECURSION = YES;
				CLANG_WARN_INT_CONVERSION = YES;
				CLANG_WARN_NON_LITERAL_NULL_CONVERSION = YES;
				CLANG_WARN_OBJC_IMPLICIT_RETAIN_SELF = YES;
				CLANG_WARN_OBJC_LITERAL_CONVERSION = YES;
				CLANG_WARN_OBJC_ROOT_CLASS = YES_ERROR;
				CLANG_WARN_QUOTED_INCLUDE_IN_FRAMEWORK_HEADER = YES;
				CLANG_WARN_RANGE_LOOP_ANALYSIS = YES;
				CLANG_WARN_STRICT_PROTOTYPES = YES;
				CLANG_WARN_SUSPICIOUS_MOVE = YES;
				CLANG_WARN_UNGUARDED_AVAILABILITY = YES_AGGRESSIVE;
				CLANG_WARN_UNREACHABLE_CODE = YES;
				CLANG_WARN__DUPLICATE_METHOD_MATCH = YES;
				COPY_PHASE_STRIP = NO;
				DEBUG_INFORMATION_FORMAT = dwarf;
				ENABLE_STRICT_OBJC_MSGSEND = YES;
				ENABLE_TESTABILITY = YES;
				GCC_C_LANGUAGE_STANDARD = gnu11;
				GCC_DYNAMIC_NO_PIC = NO;
				GCC_NO_COMMON_BLOCKS = YES;
				GCC_OPTIMIZATION_LEVEL = 0;
				GCC_PREPROCESSOR_DEFINITIONS = (
					"DEBUG=1",
					"$(inherited)",
				);
				GCC_WARN_64_TO_32_BIT_CONVERSION = YES;
				GCC_WARN_ABOUT_RETURN_TYPE = YES_ERROR;
				GCC_WARN_UNDECLARED_SELECTOR = YES;
				GCC_WARN_UNINITIALIZED_AUTOS = YES_AGGRESSIVE;
				GCC_WARN_UNUSED_FUNCTION = YES;
				GCC_WARN_UNUSED_VARIABLE = YES;
				IPHONEOS_DEPLOYMENT_TARGET = 14.5;
				MTL_ENABLE_DEBUG_INFO = INCLUDE_SOURCE;
				MTL_FAST_MATH = YES;
				ONLY_ACTIVE_ARCH = YES;
				SDKROOT = iphoneos;
				SWIFT_ACTIVE_COMPILATION_CONDITIONS = DEBUG;
				SWIFT_OPTIMIZATION_LEVEL = "-Onone";
			};
			name = Debug;
		};
		29833E1826BBFF7800DFAFDB /* Release */ = {
			isa = XCBuildConfiguration;
			buildSettings = {
				ALWAYS_SEARCH_USER_PATHS = NO;
				CLANG_ANALYZER_NONNULL = YES;
				CLANG_ANALYZER_NUMBER_OBJECT_CONVERSION = YES_AGGRESSIVE;
				CLANG_CXX_LANGUAGE_STANDARD = "gnu++14";
				CLANG_CXX_LIBRARY = "libc++";
				CLANG_ENABLE_MODULES = YES;
				CLANG_ENABLE_OBJC_ARC = YES;
				CLANG_ENABLE_OBJC_WEAK = YES;
				CLANG_WARN_BLOCK_CAPTURE_AUTORELEASING = YES;
				CLANG_WARN_BOOL_CONVERSION = YES;
				CLANG_WARN_COMMA = YES;
				CLANG_WARN_CONSTANT_CONVERSION = YES;
				CLANG_WARN_DEPRECATED_OBJC_IMPLEMENTATIONS = YES;
				CLANG_WARN_DIRECT_OBJC_ISA_USAGE = YES_ERROR;
				CLANG_WARN_DOCUMENTATION_COMMENTS = YES;
				CLANG_WARN_EMPTY_BODY = YES;
				CLANG_WARN_ENUM_CONVERSION = YES;
				CLANG_WARN_INFINITE_RECURSION = YES;
				CLANG_WARN_INT_CONVERSION = YES;
				CLANG_WARN_NON_LITERAL_NULL_CONVERSION = YES;
				CLANG_WARN_OBJC_IMPLICIT_RETAIN_SELF = YES;
				CLANG_WARN_OBJC_LITERAL_CONVERSION = YES;
				CLANG_WARN_OBJC_ROOT_CLASS = YES_ERROR;
				CLANG_WARN_QUOTED_INCLUDE_IN_FRAMEWORK_HEADER = YES;
				CLANG_WARN_RANGE_LOOP_ANALYSIS = YES;
				CLANG_WARN_STRICT_PROTOTYPES = YES;
				CLANG_WARN_SUSPICIOUS_MOVE = YES;
				CLANG_WARN_UNGUARDED_AVAILABILITY = YES_AGGRESSIVE;
				CLANG_WARN_UNREACHABLE_CODE = YES;
				CLANG_WARN__DUPLICATE_METHOD_MATCH = YES;
				COPY_PHASE_STRIP = NO;
				DEBUG_INFORMATION_FORMAT = "dwarf-with-dsym";
				ENABLE_NS_ASSERTIONS = NO;
				ENABLE_STRICT_OBJC_MSGSEND = YES;
				GCC_C_LANGUAGE_STANDARD = gnu11;
				GCC_NO_COMMON_BLOCKS = YES;
				GCC_WARN_64_TO_32_BIT_CONVERSION = YES;
				GCC_WARN_ABOUT_RETURN_TYPE = YES_ERROR;
				GCC_WARN_UNDECLARED_SELECTOR = YES;
				GCC_WARN_UNINITIALIZED_AUTOS = YES_AGGRESSIVE;
				GCC_WARN_UNUSED_FUNCTION = YES;
				GCC_WARN_UNUSED_VARIABLE = YES;
				IPHONEOS_DEPLOYMENT_TARGET = 14.5;
				MTL_ENABLE_DEBUG_INFO = NO;
				MTL_FAST_MATH = YES;
				SDKROOT = iphoneos;
				SWIFT_COMPILATION_MODE = wholemodule;
				SWIFT_OPTIMIZATION_LEVEL = "-O";
				VALIDATE_PRODUCT = YES;
			};
			name = Release;
		};
		29833E1A26BBFF7800DFAFDB /* Debug */ = {
			isa = XCBuildConfiguration;
			buildSettings = {
				ASSETCATALOG_COMPILER_APPICON_NAME = AppIcon;
				ASSETCATALOG_COMPILER_GLOBAL_ACCENT_COLOR_NAME = AccentColor;
				CODE_SIGN_STYLE = Automatic;
				DEVELOPMENT_TEAM = VWDLUM96X8;
				INFOPLIST_FILE = Demo_021/Info.plist;
				LD_RUNPATH_SEARCH_PATHS = (
					"$(inherited)",
					"@executable_path/Frameworks",
				);
				PRODUCT_BUNDLE_IDENTIFIER = "ClcStudio.Demo-021";
				PRODUCT_NAME = "$(TARGET_NAME)";
				SWIFT_VERSION = 5.0;
				TARGETED_DEVICE_FAMILY = "1,2";
			};
			name = Debug;
		};
		29833E1B26BBFF7800DFAFDB /* Release */ = {
			isa = XCBuildConfiguration;
			buildSettings = {
				ASSETCATALOG_COMPILER_APPICON_NAME = AppIcon;
				ASSETCATALOG_COMPILER_GLOBAL_ACCENT_COLOR_NAME = AccentColor;
				CODE_SIGN_STYLE = Automatic;
				DEVELOPMENT_TEAM = VWDLUM96X8;
				INFOPLIST_FILE = Demo_021/Info.plist;
				LD_RUNPATH_SEARCH_PATHS = (
					"$(inherited)",
					"@executable_path/Frameworks",
				);
				PRODUCT_BUNDLE_IDENTIFIER = "ClcStudio.Demo-021";
				PRODUCT_NAME = "$(TARGET_NAME)";
				SWIFT_VERSION = 5.0;
				TARGETED_DEVICE_FAMILY = "1,2";
			};
			name = Release;
		};
/* End XCBuildConfiguration section */

/* Begin XCConfigurationList section */
		29833E0026BBFF7400DFAFDB /* Build configuration list for PBXProject "Demo_021" */ = {
			isa = XCConfigurationList;
			buildConfigurations = (
				29833E1726BBFF7800DFAFDB /* Debug */,
				29833E1826BBFF7800DFAFDB /* Release */,
			);
			defaultConfigurationIsVisible = 0;
			defaultConfigurationName = Release;
		};
		29833E1926BBFF7800DFAFDB /* Build configuration list for PBXNativeTarget "Demo_021" */ = {
			isa = XCConfigurationList;
			buildConfigurations = (
				29833E1A26BBFF7800DFAFDB /* Debug */,
				29833E1B26BBFF7800DFAFDB /* Release */,
			);
			defaultConfigurationIsVisible = 0;
			defaultConfigurationName = Release;
		};
/* End XCConfigurationList section */
	};
	rootObject = 29833DFD26BBFF7400DFAFDB /* Project object */;
}
